lockfileVersion: '9.0'

settings:
  autoInstallPeers: true
  excludeLinksFromLockfile: false

overrides:
  '@henosis/core': file:../platform/packages/core

importers:

  .:
    dependencies:
      '@henosis/core':
        specifier: file:../platform/packages/core
        version: file:../platform/packages/core
      '@henosis/platform-supabase':
        specifier: file:../platform/packages/platform-supabase
        version: file:../platform/packages/platform-supabase
    devDependencies:
      typescript:
        specifier: 5.9.3
        version: 5.9.3

packages:

  '@henosis/core@file:../platform/packages/core':
    resolution: {directory: ../platform/packages/core, type: directory}

  '@henosis/platform-supabase@file:../platform/packages/platform-supabase':
    resolution: {directory: ../platform/packages/platform-supabase, type: directory}

  typescript@5.9.3:
    resolution: {integrity: sha512-jl1vZzPDinLr9eUt3J/t7V6FgNEw9QjvBPdysz9KfQDD41fQrC2Y4vKQdiaUpFT4bXlb1RHhLpp8wtm6M5TgSw==}
    engines: {node: '>=14.17'}
    hasBin: true

snapshots:

  '@henosis/core@file:../platform/packages/core': {}

  '@henosis/platform-supabase@file:../platform/packages/platform-supabase':
    dependencies:
      '@henosis/core': file:../platform/packages/core

  typescript@5.9.3: {}
